
Microsoft Visual Studio Solution File, Format Version 12.00
# Visual Studio 15
VisualStudioVersion = 15.0.28307.1000
MinimumVisualStudioVersion = 10.0.40219.1
Project("{FAE04EC0-301F-11D3-BF4B-00C04F79EFBC}") = "NowaAplikacja", "NowaAplikacja\NowaAplikacja.csproj", "{D4C002C4-1FE0-4862-90C9-C8D9C1BE64F4}"
EndProject
Global
	GlobalSection(SolutionConfigurationPlatforms) = preSolution
		Debug|Any CPU = Debug|Any CPU
		Release|Any CPU = Release|Any CPU
	EndGlobalSection
	GlobalSection(ProjectConfigurationPlatforms) = postSolution
		{D4C002C4-1FE0-4862-90C9-C8D9C1BE64F4}.Debug|Any CPU.ActiveCfg = Debug|Any CPU
		{D4C002C4-1FE0-4862-90C9-C8D9C1BE64F4}.Debug|Any CPU.Build.0 = Debug|Any CPU
		{D4C002C4-1FE0-4862-90C9-C8D9C1BE64F4}.Release|Any CPU.ActiveCfg = Release|Any CPU
		{D4C002C4-1FE0-4862-90C9-C8D9C1BE64F4}.Release|Any CPU.Build.0 = Release|Any CPU
	EndGlobalSection
	GlobalSection(SolutionProperties) = preSolution
		HideSolutionNode = FALSE
	EndGlobalSection
	GlobalSection(ExtensibilityGlobals) = postSolution
		SolutionGuid = {4650F55D-8967-474C-A572-9D3816F0FBAE}
	EndGlobalSection
EndGlobal
